{
  "name": "MSAMail",
  "lockfileVersion": 3,
  "requires": true,
  "packages": {
    "": {
      "dependencies": {
        "haraka": "^0.0.33"
      }
    },
    "node_modules/haraka": {
      "version": "0.0.33",
      "resolved": "https://registry.npmjs.org/haraka/-/haraka-0.0.33.tgz",
      "integrity": "sha512-oF5HzlZjgghT96cInrTIN2Wa2GI5W83Vc/CF8v29OZ1oRqf5rY+MtjvKTftp0isc7kRs3X4DI3l7Y2aRxipxMg==",
      "deprecated": true
    }
  }
}
